// !$*UTF8*$!
{
	archiveVersion = 1;
	classes = {
	};
	objectVersion = 51;
	objects = {

/* Begin PBXBuildFile section */
		33F6D519489048BF88F9406F /* Pods_DFDrawTests.framework in Frameworks */ = {isa = PBXBuildFile; fileRef = 6BD329F0E7AF359BF39000E2 /* Pods_DFDrawTests.framework */; };
		AC005B94326A148492AA8197 /* Pods_DFDraw.framework in Frameworks */ = {isa = PBXBuildFile; fileRef = BBFA0C5697CAAE78F4F288EB /* Pods_DFDraw.framework */; };
		C72460F42611B0E40074503D /* AppDelegate.m in Sources */ = {isa = PBXBuildFile; fileRef = C72460F32611B0E40074503D /* AppDelegate.m */; };
		C72460F72611B0E40074503D /* SceneDelegate.m in Sources */ = {isa = PBXBuildFile; fileRef = C72460F62611B0E40074503D /* SceneDelegate.m */; };
		C72460FA2611B0E40074503D /* ViewController.m in Sources */ = {isa = PBXBuildFile; fileRef = C72460F92611B0E40074503D /* ViewController.m */; };
		C72460FD2611B0E40074503D /* Main.storyboard in Resources */ = {isa = PBXBuildFile; fileRef = C72460FB2611B0E40074503D /* Main.storyboard */; };
		C72460FF2611B0E50074503D /* Assets.xcassets in Resources */ = {isa = PBXBuildFile; fileRef = C72460FE2611B0E50074503D /* Assets.xcassets */; };
		C72461022611B0E50074503D /* LaunchScreen.storyboard in Resources */ = {isa = PBXBuildFile; fileRef = C72461002611B0E50074503D /* LaunchScreen.storyboard */; };
		C72461052611B0E50074503D /* main.m in Sources */ = {isa = PBXBuildFile; fileRef = C72461042611B0E50074503D /* main.m */; };
		C724610F2611B0E50074503D /* DFDrawTests.m in Sources */ = {isa = PBXBuildFile; fileRef = C724610E2611B0E50074503D /* DFDrawTests.m */; };
		C724611A2611B0E50074503D /* DFDrawUITests.m in Sources */ = {isa = PBXBuildFile; fileRef = C72461192611B0E50074503D /* DFDrawUITests.m */; };
		C72461452611B15B0074503D /* UIImage.m in Sources */ = {isa = PBXBuildFile; fileRef = C724612B2611B15B0074503D /* UIImage.m */; };
		C72461462611B15B0074503D /* draw_drag@2x.png in Resources */ = {isa = PBXBuildFile; fileRef = C724612D2611B15B0074503D /* draw_drag@2x.png */; };
		C72461472611B15B0074503D /* ImgDrawController.m in Sources */ = {isa = PBXBuildFile; fileRef = C724612E2611B15B0074503D /* ImgDrawController.m */; };
		C72461482611B15B0074503D /* draw_color@2x.png in Resources */ = {isa = PBXBuildFile; fileRef = C724612F2611B15B0074503D /* draw_color@2x.png */; };
		C72461492611B15B0074503D /* draw_draw@2x.png in Resources */ = {isa = PBXBuildFile; fileRef = C72461302611B15B0074503D /* draw_draw@2x.png */; };
		C724614A2611B15B0074503D /* draw_drag_l@2x.png in Resources */ = {isa = PBXBuildFile; fileRef = C72461322611B15B0074503D /* draw_drag_l@2x.png */; };
		C724614B2611B15B0074503D /* DrawPath.m in Sources */ = {isa = PBXBuildFile; fileRef = C72461342611B15B0074503D /* DrawPath.m */; };
		C724614C2611B15B0074503D /* ZPColorStyleView.m in Sources */ = {isa = PBXBuildFile; fileRef = C72461362611B15B0074503D /* ZPColorStyleView.m */; };
		C724614D2611B15B0074503D /* ZPPencilStyleView.xib in Resources */ = {isa = PBXBuildFile; fileRef = C72461372611B15B0074503D /* ZPPencilStyleView.xib */; };
		C724614E2611B15B0074503D /* DfImageView.m in Sources */ = {isa = PBXBuildFile; fileRef = C72461382611B15B0074503D /* DfImageView.m */; };
		C724614F2611B15C0074503D /* ZPColorStyleView.xib in Resources */ = {isa = PBXBuildFile; fileRef = C72461392611B15B0074503D /* ZPColorStyleView.xib */; };
		C72461502611B15C0074503D /* draw_undo@2x.png in Resources */ = {isa = PBXBuildFile; fileRef = C724613A2611B15B0074503D /* draw_undo@2x.png */; };
		C72461512611B15C0074503D /* draw_draw_l@2x.png in Resources */ = {isa = PBXBuildFile; fileRef = C724613C2611B15B0074503D /* draw_draw_l@2x.png */; };
		C72461522611B15C0074503D /* draw_line@2x.png in Resources */ = {isa = PBXBuildFile; fileRef = C724613E2611B15B0074503D /* draw_line@2x.png */; };
		C72461532611B15C0074503D /* draw_save@2x.png in Resources */ = {isa = PBXBuildFile; fileRef = C724613F2611B15B0074503D /* draw_save@2x.png */; };
		C72461542611B15C0074503D /* ImgDrawView.m in Sources */ = {isa = PBXBuildFile; fileRef = C72461402611B15B0074503D /* ImgDrawView.m */; };
		C72461552611B15C0074503D /* ZPPencilStyleView.m in Sources */ = {isa = PBXBuildFile; fileRef = C72461412611B15B0074503D /* ZPPencilStyleView.m */; };
		C72461562611B15C0074503D /* DfDrawView.m in Sources */ = {isa = PBXBuildFile; fileRef = C72461432611B15B0074503D /* DfDrawView.m */; };
		E7E4D31175E6C4B73AF1DE37 /* Pods_DFDraw_DFDrawUITests.framework in Frameworks */ = {isa = PBXBuildFile; fileRef = D75EDD1F3A0152EB11892F72 /* Pods_DFDraw_DFDrawUITests.framework */; };
/* End PBXBuildFile section */

/* Begin PBXContainerItemProxy section */
		C724610B2611B0E50074503D /* PBXContainerItemProxy */ = {
			isa = PBXContainerItemProxy;
			containerPortal = C72460E72611B0E40074503D /* Project object */;
			proxyType = 1;
			remoteGlobalIDString = C72460EE2611B0E40074503D;
			remoteInfo = DFDraw;
		};
		C72461162611B0E50074503D /* PBXContainerItemProxy */ = {
			isa = PBXContainerItemProxy;
			containerPortal = C72460E72611B0E40074503D /* Project object */;
			proxyType = 1;
			remoteGlobalIDString = C72460EE2611B0E40074503D;
			remoteInfo = DFDraw;
		};
/* End PBXContainerItemProxy section */

/* Begin PBXFileReference section */
		372CDA7B9161537426D69570 /* Pods-DFDraw.debug.xcconfig */ = {isa = PBXFileReference; includeInIndex = 1; lastKnownFileType = text.xcconfig; name = "Pods-DFDraw.debug.xcconfig"; path = "Target Support Files/Pods-DFDraw/Pods-DFDraw.debug.xcconfig"; sourceTree = "<group>"; };
		3B5FADA036FF3F9FB709DE00 /* Pods-DFDraw-DFDrawUITests.release.xcconfig */ = {isa = PBXFileReference; includeInIndex = 1; lastKnownFileType = text.xcconfig; name = "Pods-DFDraw-DFDrawUITests.release.xcconfig"; path = "Target Support Files/Pods-DFDraw-DFDrawUITests/Pods-DFDraw-DFDrawUITests.release.xcconfig"; sourceTree = "<group>"; };
		677EA4989BF3EA352F608A84 /* Pods-DFDraw-DFDrawUITests.debug.xcconfig */ = {isa = PBXFileReference; includeInIndex = 1; lastKnownFileType = text.xcconfig; name = "Pods-DFDraw-DFDrawUITests.debug.xcconfig"; path = "Target Support Files/Pods-DFDraw-DFDrawUITests/Pods-DFDraw-DFDrawUITests.debug.xcconfig"; sourceTree = "<group>"; };
		6BD329F0E7AF359BF39000E2 /* Pods_DFDrawTests.framework */ = {isa = PBXFileReference; explicitFileType = wrapper.framework; includeInIndex = 0; path = Pods_DFDrawTests.framework; sourceTree = BUILT_PRODUCTS_DIR; };
		B77D17ED2CDCF9588F1D005B /* Pods-DFDrawTests.debug.xcconfig */ = {isa = PBXFileReference; includeInIndex = 1; lastKnownFileType = text.xcconfig; name = "Pods-DFDrawTests.debug.xcconfig"; path = "Target Support Files/Pods-DFDrawTests/Pods-DFDrawTests.debug.xcconfig"; sourceTree = "<group>"; };
		BBFA0C5697CAAE78F4F288EB /* Pods_DFDraw.framework */ = {isa = PBXFileReference; explicitFileType = wrapper.framework; includeInIndex = 0; path = Pods_DFDraw.framework; sourceTree = BUILT_PRODUCTS_DIR; };
		C29CDD84A3A9A778BAF67665 /* Pods-DFDraw.release.xcconfig */ = {isa = PBXFileReference; includeInIndex = 1; lastKnownFileType = text.xcconfig; name = "Pods-DFDraw.release.xcconfig"; path = "Target Support Files/Pods-DFDraw/Pods-DFDraw.release.xcconfig"; sourceTree = "<group>"; };
		C72460EF2611B0E40074503D /* DFDraw.app */ = {isa = PBXFileReference; explicitFileType = wrapper.application; includeInIndex = 0; path = DFDraw.app; sourceTree = BUILT_PRODUCTS_DIR; };
		C72460F22611B0E40074503D /* AppDelegate.h */ = {isa = PBXFileReference; lastKnownFileType = sourcecode.c.h; path = AppDelegate.h; sourceTree = "<group>"; };
		C72460F32611B0E40074503D /* AppDelegate.m */ = {isa = PBXFileReference; lastKnownFileType = sourcecode.c.objc; path = AppDelegate.m; sourceTree = "<group>"; };
		C72460F52611B0E40074503D /* SceneDelegate.h */ = {isa = PBXFileReference; lastKnownFileType = sourcecode.c.h; path = SceneDelegate.h; sourceTree = "<group>"; };
		C72460F62611B0E40074503D /* SceneDelegate.m */ = {isa = PBXFileReference; lastKnownFileType = sourcecode.c.objc; path = SceneDelegate.m; sourceTree = "<group>"; };
		C72460F82611B0E40074503D /* ViewController.h */ = {isa = PBXFileReference; lastKnownFileType = sourcecode.c.h; path = ViewController.h; sourceTree = "<group>"; };
		C72460F92611B0E40074503D /* ViewController.m */ = {isa = PBXFileReference; lastKnownFileType = sourcecode.c.objc; path = ViewController.m; sourceTree = "<group>"; };
		C72460FC2611B0E40074503D /* Base */ = {isa = PBXFileReference; lastKnownFileType = file.storyboard; name = Base; path = Base.lproj/Main.storyboard; sourceTree = "<group>"; };
		C72460FE2611B0E50074503D /* Assets.xcassets */ = {isa = PBXFileReference; lastKnownFileType = folder.assetcatalog; path = Assets.xcassets; sourceTree = "<group>"; };
		C72461012611B0E50074503D /* Base */ = {isa = PBXFileReference; lastKnownFileType = file.storyboard; name = Base; path = Base.lproj/LaunchScreen.storyboard; sourceTree = "<group>"; };
		C72461032611B0E50074503D /* Info.plist */ = {isa = PBXFileReference; lastKnownFileType = text.plist.xml; path = Info.plist; sourceTree = "<group>"; };
		C72461042611B0E50074503D /* main.m */ = {isa = PBXFileReference; lastKnownFileType = sourcecode.c.objc; path = main.m; sourceTree = "<group>"; };
		C724610A2611B0E50074503D /* DFDrawTests.xctest */ = {isa = PBXFileReference; explicitFileType = wrapper.cfbundle; includeInIndex = 0; path = DFDrawTests.xctest; sourceTree = BUILT_PRODUCTS_DIR; };
		C724610E2611B0E50074503D /* DFDrawTests.m */ = {isa = PBXFileReference; lastKnownFileType = sourcecode.c.objc; path = DFDrawTests.m; sourceTree = "<group>"; };
		C72461102611B0E50074503D /* Info.plist */ = {isa = PBXFileReference; lastKnownFileType = text.plist.xml; path = Info.plist; sourceTree = "<group>"; };
		C72461152611B0E50074503D /* DFDrawUITests.xctest */ = {isa = PBXFileReference; explicitFileType = wrapper.cfbundle; includeInIndex = 0; path = DFDrawUITests.xctest; sourceTree = BUILT_PRODUCTS_DIR; };
		C72461192611B0E50074503D /* DFDrawUITests.m */ = {isa = PBXFileReference; lastKnownFileType = sourcecode.c.objc; path = DFDrawUITests.m; sourceTree = "<group>"; };
		C724611B2611B0E50074503D /* Info.plist */ = {isa = PBXFileReference; lastKnownFileType = text.plist.xml; path = Info.plist; sourceTree = "<group>"; };
		C724612B2611B15B0074503D /* UIImage.m */ = {isa = PBXFileReference; fileEncoding = 4; lastKnownFileType = sourcecode.c.objc; path = UIImage.m; sourceTree = "<group>"; };
		C724612C2611B15B0074503D /* DfImageView.h */ = {isa = PBXFileReference; fileEncoding = 4; lastKnownFileType = sourcecode.c.h; path = DfImageView.h; sourceTree = "<group>"; };
		C724612D2611B15B0074503D /* draw_drag@2x.png */ = {isa = PBXFileReference; lastKnownFileType = image.png; path = "draw_drag@2x.png"; sourceTree = "<group>"; };
		C724612E2611B15B0074503D /* ImgDrawController.m */ = {isa = PBXFileReference; fileEncoding = 4; lastKnownFileType = sourcecode.c.objc; path = ImgDrawController.m; sourceTree = "<group>"; };
		C724612F2611B15B0074503D /* draw_color@2x.png */ = {isa = PBXFileReference; lastKnownFileType = image.png; path = "draw_color@2x.png"; sourceTree = "<group>"; };
		C72461302611B15B0074503D /* draw_draw@2x.png */ = {isa = PBXFileReference; lastKnownFileType = image.png; path = "draw_draw@2x.png"; sourceTree = "<group>"; };
		C72461312611B15B0074503D /* ZPPencilStyleView.h */ = {isa = PBXFileReference; fileEncoding = 4; lastKnownFileType = sourcecode.c.h; path = ZPPencilStyleView.h; sourceTree = "<group>"; };
		C72461322611B15B0074503D /* draw_drag_l@2x.png */ = {isa = PBXFileReference; lastKnownFileType = image.png; path = "draw_drag_l@2x.png"; sourceTree = "<group>"; };
		C72461332611B15B0074503D /* ImgDrawView.h */ = {isa = PBXFileReference; fileEncoding = 4; lastKnownFileType = sourcecode.c.h; path = ImgDrawView.h; sourceTree = "<group>"; };
		C72461342611B15B0074503D /* DrawPath.m */ = {isa = PBXFileReference; fileEncoding = 4; lastKnownFileType = sourcecode.c.objc; path = DrawPath.m; sourceTree = "<group>"; };
		C72461352611B15B0074503D /* DfDrawView.h */ = {isa = PBXFileReference; fileEncoding = 4; lastKnownFileType = sourcecode.c.h; path = DfDrawView.h; sourceTree = "<group>"; };
		C72461362611B15B0074503D /* ZPColorStyleView.m */ = {isa = PBXFileReference; fileEncoding = 4; lastKnownFileType = sourcecode.c.objc; path = ZPColorStyleView.m; sourceTree = "<group>"; };
		C72461372611B15B0074503D /* ZPPencilStyleView.xib */ = {isa = PBXFileReference; fileEncoding = 4; lastKnownFileType = file.xib; path = ZPPencilStyleView.xib; sourceTree = "<group>"; };
		C72461382611B15B0074503D /* DfImageView.m */ = {isa = PBXFileReference; fileEncoding = 4; lastKnownFileType = sourcecode.c.objc; path = DfImageView.m; sourceTree = "<group>"; };
		C72461392611B15B0074503D /* ZPColorStyleView.xib */ = {isa = PBXFileReference; fileEncoding = 4; lastKnownFileType = file.xib; path = ZPColorStyleView.xib; sourceTree = "<group>"; };
		C724613A2611B15B0074503D /* draw_undo@2x.png */ = {isa = PBXFileReference; lastKnownFileType = image.png; path = "draw_undo@2x.png"; sourceTree = "<group>"; };
		C724613B2611B15B0074503D /* UIImage.h */ = {isa = PBXFileReference; fileEncoding = 4; lastKnownFileType = sourcecode.c.h; path = UIImage.h; sourceTree = "<group>"; };
		C724613C2611B15B0074503D /* draw_draw_l@2x.png */ = {isa = PBXFileReference; lastKnownFileType = image.png; path = "draw_draw_l@2x.png"; sourceTree = "<group>"; };
		C724613D2611B15B0074503D /* ImgDrawController.h */ = {isa = PBXFileReference; fileEncoding = 4; lastKnownFileType = sourcecode.c.h; path = ImgDrawController.h; sourceTree = "<group>"; };
		C724613E2611B15B0074503D /* draw_line@2x.png */ = {isa = PBXFileReference; lastKnownFileType = image.png; path = "draw_line@2x.png"; sourceTree = "<group>"; };
		C724613F2611B15B0074503D /* draw_save@2x.png */ = {isa = PBXFileReference; lastKnownFileType = image.png; path = "draw_save@2x.png"; sourceTree = "<group>"; };
		C72461402611B15B0074503D /* ImgDrawView.m */ = {isa = PBXFileReference; fileEncoding = 4; lastKnownFileType = sourcecode.c.objc; path = ImgDrawView.m; sourceTree = "<group>"; };
		C72461412611B15B0074503D /* ZPPencilStyleView.m */ = {isa = PBXFileReference; fileEncoding = 4; lastKnownFileType = sourcecode.c.objc; path = ZPPencilStyleView.m; sourceTree = "<group>"; };
		C72461422611B15B0074503D /* ZPColorStyleView.h */ = {isa = PBXFileReference; fileEncoding = 4; lastKnownFileType = sourcecode.c.h; path = ZPColorStyleView.h; sourceTree = "<group>"; };
		C72461432611B15B0074503D /* DfDrawView.m */ = {isa = PBXFileReference; fileEncoding = 4; lastKnownFileType = sourcecode.c.objc; path = DfDrawView.m; sourceTree = "<group>"; };
		C72461442611B15B0074503D /* DrawPath.h */ = {isa = PBXFileReference; fileEncoding = 4; lastKnownFileType = sourcecode.c.h; path = DrawPath.h; sourceTree = "<group>"; };
		D75EDD1F3A0152EB11892F72 /* Pods_DFDraw_DFDrawUITests.framework */ = {isa = PBXFileReference; explicitFileType = wrapper.framework; includeInIndex = 0; path = Pods_DFDraw_DFDrawUITests.framework; sourceTree = BUILT_PRODUCTS_DIR; };
		F9E425216B4D6F8C333AD2C6 /* Pods-DFDrawTests.release.xcconfig */ = {isa = PBXFileReference; includeInIndex = 1; lastKnownFileType = text.xcconfig; name = "Pods-DFDrawTests.release.xcconfig"; path = "Target Support Files/Pods-DFDrawTests/Pods-DFDrawTests.release.xcconfig"; sourceTree = "<group>"; };
/* End PBXFileReference section */

/* Begin PBXFrameworksBuildPhase section */
		C72460EC2611B0E40074503D /* Frameworks */ = {
			isa = PBXFrameworksBuildPhase;
			buildActionMask = 2147483647;
			files = (
				AC005B94326A148492AA8197 /* Pods_DFDraw.framework in Frameworks */,
			);
			runOnlyForDeploymentPostprocessing = 0;
		};
		C72461072611B0E50074503D /* Frameworks */ = {
			isa = PBXFrameworksBuildPhase;
			buildActionMask = 2147483647;
			files = (
				33F6D519489048BF88F9406F /* Pods_DFDrawTests.framework in Frameworks */,
			);
			runOnlyForDeploymentPostprocessing = 0;
		};
		C72461122611B0E50074503D /* Frameworks */ = {
			isa = PBXFrameworksBuildPhase;
			buildActionMask = 2147483647;
			files = (
				E7E4D31175E6C4B73AF1DE37 /* Pods_DFDraw_DFDrawUITests.framework in Frameworks */,
			);
			runOnlyForDeploymentPostprocessing = 0;
		};
/* End PBXFrameworksBuildPhase section */

/* Begin PBXGroup section */
		8843566CB04F81D138A7AD26 /* Frameworks */ = {
			isa = PBXGroup;
			children = (
				BBFA0C5697CAAE78F4F288EB /* Pods_DFDraw.framework */,
				D75EDD1F3A0152EB11892F72 /* Pods_DFDraw_DFDrawUITests.framework */,
				6BD329F0E7AF359BF39000E2 /* Pods_DFDrawTests.framework */,
			);
			name = Frameworks;
			sourceTree = "<group>";
		};
		C72460E62611B0E40074503D = {
			isa = PBXGroup;
			children = (
				C72460F12611B0E40074503D /* DFDraw */,
				C724610D2611B0E50074503D /* DFDrawTests */,
				C72461182611B0E50074503D /* DFDrawUITests */,
				C72460F02611B0E40074503D /* Products */,
				CD296EF989C29703EA396668 /* Pods */,
				8843566CB04F81D138A7AD26 /* Frameworks */,
			);
			sourceTree = "<group>";
		};
		C72460F02611B0E40074503D /* Products */ = {
			isa = PBXGroup;
			children = (
				C72460EF2611B0E40074503D /* DFDraw.app */,
				C724610A2611B0E50074503D /* DFDrawTests.xctest */,
				C72461152611B0E50074503D /* DFDrawUITests.xctest */,
			);
			name = Products;
			sourceTree = "<group>";
		};
		C72460F12611B0E40074503D /* DFDraw */ = {
			isa = PBXGroup;
			children = (
				C724612A2611B15B0074503D /* DfDraw */,
				C72460F22611B0E40074503D /* AppDelegate.h */,
				C72460F32611B0E40074503D /* AppDelegate.m */,
				C72460F52611B0E40074503D /* SceneDelegate.h */,
				C72460F62611B0E40074503D /* SceneDelegate.m */,
				C72460F82611B0E40074503D /* ViewController.h */,
				C72460F92611B0E40074503D /* ViewController.m */,
				C72460FB2611B0E40074503D /* Main.storyboard */,
				C72460FE2611B0E50074503D /* Assets.xcassets */,
				C72461002611B0E50074503D /* LaunchScreen.storyboard */,
				C72461032611B0E50074503D /* Info.plist */,
				C72461042611B0E50074503D /* main.m */,
			);
			path = DFDraw;
			sourceTree = "<group>";
		};
		C724610D2611B0E50074503D /* DFDrawTests */ = {
			isa = PBXGroup;
			children = (
				C724610E2611B0E50074503D /* DFDrawTests.m */,
				C72461102611B0E50074503D /* Info.plist */,
			);
			path = DFDrawTests;
			sourceTree = "<group>";
		};
		C72461182611B0E50074503D /* DFDrawUITests */ = {
			isa = PBXGroup;
			children = (
				C72461192611B0E50074503D /* DFDrawUITests.m */,
				C724611B2611B0E50074503D /* Info.plist */,
			);
			path = DFDrawUITests;
			sourceTree = "<group>";
		};
		C724612A2611B15B0074503D /* DfDraw */ = {
			isa = PBXGroup;
			children = (
				C72461352611B15B0074503D /* DfDrawView.h */,
				C72461432611B15B0074503D /* DfDrawView.m */,
				C724612C2611B15B0074503D /* DfImageView.h */,
				C72461382611B15B0074503D /* DfImageView.m */,
				C724612F2611B15B0074503D /* draw_color@2x.png */,
				C72461322611B15B0074503D /* draw_drag_l@2x.png */,
				C724612D2611B15B0074503D /* draw_drag@2x.png */,
				C724613C2611B15B0074503D /* draw_draw_l@2x.png */,
				C72461302611B15B0074503D /* draw_draw@2x.png */,
				C724613E2611B15B0074503D /* draw_line@2x.png */,
				C724613F2611B15B0074503D /* draw_save@2x.png */,
				C724613A2611B15B0074503D /* draw_undo@2x.png */,
				C72461442611B15B0074503D /* DrawPath.h */,
				C72461342611B15B0074503D /* DrawPath.m */,
				C724613D2611B15B0074503D /* ImgDrawController.h */,
				C724612E2611B15B0074503D /* ImgDrawController.m */,
				C72461332611B15B0074503D /* ImgDrawView.h */,
				C72461402611B15B0074503D /* ImgDrawView.m */,
				C724613B2611B15B0074503D /* UIImage.h */,
				C724612B2611B15B0074503D /* UIImage.m */,
				C72461422611B15B0074503D /* ZPColorStyleView.h */,
				C72461362611B15B0074503D /* ZPColorStyleView.m */,
				C72461392611B15B0074503D /* ZPColorStyleView.xib */,
				C72461312611B15B0074503D /* ZPPencilStyleView.h */,
				C72461412611B15B0074503D /* ZPPencilStyleView.m */,
				C72461372611B15B0074503D /* ZPPencilStyleView.xib */,
			);
			path = DfDraw;
			sourceTree = "<group>";
		};
		CD296EF989C29703EA396668 /* Pods */ = {
			isa = PBXGroup;
			children = (
				372CDA7B9161537426D69570 /* Pods-DFDraw.debug.xcconfig */,
				C29CDD84A3A9A778BAF67665 /* Pods-DFDraw.release.xcconfig */,
				677EA4989BF3EA352F608A84 /* Pods-DFDraw-DFDrawUITests.debug.xcconfig */,
				3B5FADA036FF3F9FB709DE00 /* Pods-DFDraw-DFDrawUITests.release.xcconfig */,
				B77D17ED2CDCF9588F1D005B /* Pods-DFDrawTests.debug.xcconfig */,
				F9E425216B4D6F8C333AD2C6 /* Pods-DFDrawTests.release.xcconfig */,
			);
			path = Pods;
			sourceTree = "<group>";
		};
/* End PBXGroup section */

/* Begin PBXNativeTarget section */
		C72460EE2611B0E40074503D /* DFDraw */ = {
			isa = PBXNativeTarget;
			buildConfigurationList = C724611E2611B0E50074503D /* Build configuration list for PBXNativeTarget "DFDraw" */;
			buildPhases = (
				FED6067BE825B4DE82E95CB8 /* [CP] Check Pods Manifest.lock */,
				C72460EB2611B0E40074503D /* Sources */,
				C72460EC2611B0E40074503D /* Frameworks */,
				C72460ED2611B0E40074503D /* Resources */,
				1DBF7ED3E23E88D7AA2FCF6B /* [CP] Embed Pods Frameworks */,
			);
			buildRules = (
			);
			dependencies = (
			);
			name = DFDraw;
			productName = DFDraw;
			productReference = C72460EF2611B0E40074503D /* DFDraw.app */;
			productType = "com.apple.product-type.application";
		};
		C72461092611B0E50074503D /* DFDrawTests */ = {
			isa = PBXNativeTarget;
			buildConfigurationList = C72461212611B0E50074503D /* Build configuration list for PBXNativeTarget "DFDrawTests" */;
			buildPhases = (
				95EA743CF6240484D873EB17 /* [CP] Check Pods Manifest.lock */,
				C72461062611B0E50074503D /* Sources */,
				C72461072611B0E50074503D /* Frameworks */,
				C72461082611B0E50074503D /* Resources */,
			);
			buildRules = (
			);
			dependencies = (
				C724610C2611B0E50074503D /* PBXTargetDependency */,
			);
			name = DFDrawTests;
			productName = DFDrawTests;
			productReference = C724610A2611B0E50074503D /* DFDrawTests.xctest */;
			productType = "com.apple.product-type.bundle.unit-test";
		};
		C72461142611B0E50074503D /* DFDrawUITests */ = {
			isa = PBXNativeTarget;
			buildConfigurationList = C72461242611B0E50074503D /* Build configuration list for PBXNativeTarget "DFDrawUITests" */;
			buildPhases = (
				010A7D3C283B25F5F8F3DC85 /* [CP] Check Pods Manifest.lock */,
				C72461112611B0E50074503D /* Sources */,
				C72461122611B0E50074503D /* Frameworks */,
				C72461132611B0E50074503D /* Resources */,
				8B789FBB2E4FD2CE075A8285 /* [CP] Embed Pods Frameworks */,
			);
			buildRules = (
			);
			dependencies = (
				C72461172611B0E50074503D /* PBXTargetDependency */,
			);
			name = DFDrawUITests;
			productName = DFDrawUITests;
			productReference = C72461152611B0E50074503D /* DFDrawUITests.xctest */;
			productType = "com.apple.product-type.bundle.ui-testing";
		};
/* End PBXNativeTarget section */

/* Begin PBXProject section */
		C72460E72611B0E40074503D /* Project object */ = {
			isa = PBXProject;
			attributes = {
				LastUpgradeCheck = 1240;
				TargetAttributes = {
					C72460EE2611B0E40074503D = {
						CreatedOnToolsVersion = 12.4;
					};
					C72461092611B0E50074503D = {
						CreatedOnToolsVersion = 12.4;
						TestTargetID = C72460EE2611B0E40074503D;
					};
					C72461142611B0E50074503D = {
						CreatedOnToolsVersion = 12.4;
						TestTargetID = C72460EE2611B0E40074503D;
					};
				};
			};
			buildConfigurationList = C72460EA2611B0E40074503D /* Build configuration list for PBXProject "DFDraw" */;
			compatibilityVersion = "Xcode 9.3";
			developmentRegion = en;
			hasScannedForEncodings = 0;
			knownRegions = (
				en,
				Base,
			);
			mainGroup = C72460E62611B0E40074503D;
			productRefGroup = C72460F02611B0E40074503D /* Products */;
			projectDirPath = "";
			projectRoot = "";
			targets = (
				C72460EE2611B0E40074503D /* DFDraw */,
				C72461092611B0E50074503D /* DFDrawTests */,
				C72461142611B0E50074503D /* DFDrawUITests */,
			);
		};
/* End PBXProject section */

/* Begin PBXResourcesBuildPhase section */
		C72460ED2611B0E40074503D /* Resources */ = {
			isa = PBXResourcesBuildPhase;
			buildActionMask = 2147483647;
			files = (
				C724614A2611B15B0074503D /* draw_drag_l@2x.png in Resources */,
				C72461462611B15B0074503D /* draw_drag@2x.png in Resources */,
				C72461502611B15C0074503D /* draw_undo@2x.png in Resources */,
				C72461512611B15C0074503D /* draw_draw_l@2x.png in Resources */,
				C72461532611B15C0074503D /* draw_save@2x.png in Resources */,
				C72461022611B0E50074503D /* LaunchScreen.storyboard in Resources */,
				C724614F2611B15C0074503D /* ZPColorStyleView.xib in Resources */,
				C72461522611B15C0074503D /* draw_line@2x.png in Resources */,
				C72460FF2611B0E50074503D /* Assets.xcassets in Resources */,
				C72460FD2611B0E40074503D /* Main.storyboard in Resources */,
				C72461492611B15B0074503D /* draw_draw@2x.png in Resources */,
				C72461482611B15B0074503D /* draw_color@2x.png in Resources */,
				C724614D2611B15B0074503D /* ZPPencilStyleView.xib in Resources */,
			);
			runOnlyForDeploymentPostprocessing = 0;
		};
		C72461082611B0E50074503D /* Resources */ = {
			isa = PBXResourcesBuildPhase;
			buildActionMask = 2147483647;
			files = (
			);
			runOnlyForDeploymentPostprocessing = 0;
		};
		C72461132611B0E50074503D /* Resources */ = {
			isa = PBXResourcesBuildPhase;
			buildActionMask = 2147483647;
			files = (
			);
			runOnlyForDeploymentPostprocessing = 0;
		};
/* End PBXResourcesBuildPhase section */

/* Begin PBXShellScriptBuildPhase section */
		010A7D3C283B25F5F8F3DC85 /* [CP] Check Pods Manifest.lock */ = {
			isa = PBXShellScriptBuildPhase;
			buildActionMask = 2147483647;
			files = (
			);
			inputFileListPaths = (
			);
			inputPaths = (
				"${PODS_PODFILE_DIR_PATH}/Podfile.lock",
				"${PODS_ROOT}/Manifest.lock",
			);
			name = "[CP] Check Pods Manifest.lock";
			outputFileListPaths = (
			);
			outputPaths = (
				"$(DERIVED_FILE_DIR)/Pods-DFDraw-DFDrawUITests-checkManifestLockResult.txt",
			);
			runOnlyForDeploymentPostprocessing = 0;
			shellPath = /bin/sh;
			shellScript = "diff \"${PODS_PODFILE_DIR_PATH}/Podfile.lock\" \"${PODS_ROOT}/Manifest.lock\" > /dev/null\nif [ $? != 0 ] ; then\n    # print error to STDERR\n    echo \"error: The sandbox is not in sync with the Podfile.lock. Run 'pod install' or update your CocoaPods installation.\" >&2\n    exit 1\nfi\n# This output is used by Xcode 'outputs' to avoid re-running this script phase.\necho \"SUCCESS\" > \"${SCRIPT_OUTPUT_FILE_0}\"\n";
			showEnvVarsInLog = 0;
		};
		1DBF7ED3E23E88D7AA2FCF6B /* [CP] Embed Pods Frameworks */ = {
			isa = PBXShellScriptBuildPhase;
			buildActionMask = 2147483647;
			files = (
			);
			inputFileListPaths = (
				"${PODS_ROOT}/Target Support Files/Pods-DFDraw/Pods-DFDraw-frameworks-${CONFIGURATION}-input-files.xcfilelist",
			);
			name = "[CP] Embed Pods Frameworks";
			outputFileListPaths = (
				"${PODS_ROOT}/Target Support Files/Pods-DFDraw/Pods-DFDraw-frameworks-${CONFIGURATION}-output-files.xcfilelist",
			);
			runOnlyForDeploymentPostprocessing = 0;
			shellPath = /bin/sh;
			shellScript = "\"${PODS_ROOT}/Target Support Files/Pods-DFDraw/Pods-DFDraw-frameworks.sh\"\n";
			showEnvVarsInLog = 0;
		};
		8B789FBB2E4FD2CE075A8285 /* [CP] Embed Pods Frameworks */ = {
			isa = PBXShellScriptBuildPhase;
			buildActionMask = 2147483647;
			files = (
			);
			inputFileListPaths = (
				"${PODS_ROOT}/Target Support Files/Pods-DFDraw-DFDrawUITests/Pods-DFDraw-DFDrawUITests-frameworks-${CONFIGURATION}-input-files.xcfilelist",
			);
			name = "[CP] Embed Pods Frameworks";
			outputFileListPaths = (
				"${PODS_ROOT}/Target Support Files/Pods-DFDraw-DFDrawUITests/Pods-DFDraw-DFDrawUITests-frameworks-${CONFIGURATION}-output-files.xcfilelist",
			);
			runOnlyForDeploymentPostprocessing = 0;
			shellPath = /bin/sh;
			shellScript = "\"${PODS_ROOT}/Target Support Files/Pods-DFDraw-DFDrawUITests/Pods-DFDraw-DFDrawUITests-frameworks.sh\"\n";
			showEnvVarsInLog = 0;
		};
		95EA743CF6240484D873EB17 /* [CP] Check Pods Manifest.lock */ = {
			isa = PBXShellScriptBuildPhase;
			buildActionMask = 2147483647;
			files = (
			);
			inputFileListPaths = (
			);
			inputPaths = (
				"${PODS_PODFILE_DIR_PATH}/Podfile.lock",
				"${PODS_ROOT}/Manifest.lock",
			);
			name = "[CP] Check Pods Manifest.lock";
			outputFileListPaths = (
			);
			outputPaths = (
				"$(DERIVED_FILE_DIR)/Pods-DFDrawTests-checkManifestLockResult.txt",
			);
			runOnlyForDeploymentPostprocessing = 0;
			shellPath = /bin/sh;
			shellScript = "diff \"${PODS_PODFILE_DIR_PATH}/Podfile.lock\" \"${PODS_ROOT}/Manifest.lock\" > /dev/null\nif [ $? != 0 ] ; then\n    # print error to STDERR\n    echo \"error: The sandbox is not in sync with the Podfile.lock. Run 'pod install' or update your CocoaPods installation.\" >&2\n    exit 1\nfi\n# This output is used by Xcode 'outputs' to avoid re-running this script phase.\necho \"SUCCESS\" > \"${SCRIPT_OUTPUT_FILE_0}\"\n";
			showEnvVarsInLog = 0;
		};
		FED6067BE825B4DE82E95CB8 /* [CP] Check Pods Manifest.lock */ = {
			isa = PBXShellScriptBuildPhase;
			buildActionMask = 2147483647;
			files = (
			);
			inputFileListPaths = (
			);
			inputPaths = (
				"${PODS_PODFILE_DIR_PATH}/Podfile.lock",
				"${PODS_ROOT}/Manifest.lock",
			);
			name = "[CP] Check Pods Manifest.lock";
			outputFileListPaths = (
			);
			outputPaths = (
				"$(DERIVED_FILE_DIR)/Pods-DFDraw-checkManifestLockResult.txt",
			);
			runOnlyForDeploymentPostprocessing = 0;
			shellPath = /bin/sh;
			shellScript = "diff \"${PODS_PODFILE_DIR_PATH}/Podfile.lock\" \"${PODS_ROOT}/Manifest.lock\" > /dev/null\nif [ $? != 0 ] ; then\n    # print error to STDERR\n    echo \"error: The sandbox is not in sync with the Podfile.lock. Run 'pod install' or update your CocoaPods installation.\" >&2\n    exit 1\nfi\n# This output is used by Xcode 'outputs' to avoid re-running this script phase.\necho \"SUCCESS\" > \"${SCRIPT_OUTPUT_FILE_0}\"\n";
			showEnvVarsInLog = 0;
		};
/* End PBXShellScriptBuildPhase section */

/* Begin PBXSourcesBuildPhase section */
		C72460EB2611B0E40074503D /* Sources */ = {
			isa = PBXSourcesBuildPhase;
			buildActionMask = 2147483647;
			files = (
				C72460FA2611B0E40074503D /* ViewController.m in Sources */,
				C72460F42611B0E40074503D /* AppDelegate.m in Sources */,
				C724614C2611B15B0074503D /* ZPColorStyleView.m in Sources */,
				C72461452611B15B0074503D /* UIImage.m in Sources */,
				C72461542611B15C0074503D /* ImgDrawView.m in Sources */,
				C72461552611B15C0074503D /* ZPPencilStyleView.m in Sources */,
				C72461562611B15C0074503D /* DfDrawView.m in Sources */,
				C72461052611B0E50074503D /* main.m in Sources */,
				C724614E2611B15B0074503D /* DfImageView.m in Sources */,
				C72460F72611B0E40074503D /* SceneDelegate.m in Sources */,
				C72461472611B15B0074503D /* ImgDrawController.m in Sources */,
				C724614B2611B15B0074503D /* DrawPath.m in Sources */,
			);
			runOnlyForDeploymentPostprocessing = 0;
		};
		C72461062611B0E50074503D /* Sources */ = {
			isa = PBXSourcesBuildPhase;
			buildActionMask = 2147483647;
			files = (
				C724610F2611B0E50074503D /* DFDrawTests.m in Sources */,
			);
			runOnlyForDeploymentPostprocessing = 0;
		};
		C72461112611B0E50074503D /* Sources */ = {
			isa = PBXSourcesBuildPhase;
			buildActionMask = 2147483647;
			files = (
				C724611A2611B0E50074503D /* DFDrawUITests.m in Sources */,
			);
			runOnlyForDeploymentPostprocessing = 0;
		};
/* End PBXSourcesBuildPhase section */

/* Begin PBXTargetDependency section */
		C724610C2611B0E50074503D /* PBXTargetDependency */ = {
			isa = PBXTargetDependency;
			target = C72460EE2611B0E40074503D /* DFDraw */;
			targetProxy = C724610B2611B0E50074503D /* PBXContainerItemProxy */;
		};
		C72461172611B0E50074503D /* PBXTargetDependency */ = {
			isa = PBXTargetDependency;
			target = C72460EE2611B0E40074503D /* DFDraw */;
			targetProxy = C72461162611B0E50074503D /* PBXContainerItemProxy */;
		};
/* End PBXTargetDependency section */

/* Begin PBXVariantGroup section */
		C72460FB2611B0E40074503D /* Main.storyboard */ = {
			isa = PBXVariantGroup;
			children = (
				C72460FC2611B0E40074503D /* Base */,
			);
			name = Main.storyboard;
			sourceTree = "<group>";
		};
		C72461002611B0E50074503D /* LaunchScreen.storyboard */ = {
			isa = PBXVariantGroup;
			children = (
				C72461012611B0E50074503D /* Base */,
			);
			name = LaunchScreen.storyboard;
			sourceTree = "<group>";
		};
/* End PBXVariantGroup section */

/* Begin XCBuildConfiguration section */
		C724611C2611B0E50074503D /* Debug */ = {
			isa = XCBuildConfiguration;
			buildSettings = {
				ALWAYS_SEARCH_USER_PATHS = NO;
				CLANG_ANALYZER_NONNULL = YES;
				CLANG_ANALYZER_NUMBER_OBJECT_CONVERSION = YES_AGGRESSIVE;
				CLANG_CXX_LANGUAGE_STANDARD = "gnu++14";
				CLANG_CXX_LIBRARY = "libc++";
				CLANG_ENABLE_MODULES = YES;
				CLANG_ENABLE_OBJC_ARC = YES;
				CLANG_ENABLE_OBJC_WEAK = YES;
				CLANG_WARN_BLOCK_CAPTURE_AUTORELEASING = YES;
				CLANG_WARN_BOOL_CONVERSION = YES;
				CLANG_WARN_COMMA = YES;
				CLANG_WARN_CONSTANT_CONVERSION = YES;
				CLANG_WARN_DEPRECATED_OBJC_IMPLEMENTATIONS = YES;
				CLANG_WARN_DIRECT_OBJC_ISA_USAGE = YES_ERROR;
				CLANG_WARN_DOCUMENTATION_COMMENTS = YES;
				CLANG_WARN_EMPTY_BODY = YES;
				CLANG_WARN_ENUM_CONVERSION = YES;
				CLANG_WARN_INFINITE_RECURSION = YES;
				CLANG_WARN_INT_CONVERSION = YES;
				CLANG_WARN_NON_LITERAL_NULL_CONVERSION = YES;
				CLANG_WARN_OBJC_IMPLICIT_RETAIN_SELF = YES;
				CLANG_WARN_OBJC_LITERAL_CONVERSION = YES;
				CLANG_WARN_OBJC_ROOT_CLASS = YES_ERROR;
				CLANG_WARN_QUOTED_INCLUDE_IN_FRAMEWORK_HEADER = YES;
				CLANG_WARN_RANGE_LOOP_ANALYSIS = YES;
				CLANG_WARN_STRICT_PROTOTYPES = YES;
				CLANG_WARN_SUSPICIOUS_MOVE = YES;
				CLANG_WARN_UNGUARDED_AVAILABILITY = YES_AGGRESSIVE;
				CLANG_WARN_UNREACHABLE_CODE = YES;
				CLANG_WARN__DUPLICATE_METHOD_MATCH = YES;
				COPY_PHASE_STRIP = NO;
				DEBUG_INFORMATION_FORMAT = dwarf;
				ENABLE_STRICT_OBJC_MSGSEND = YES;
				ENABLE_TESTABILITY = YES;
				GCC_C_LANGUAGE_STANDARD = gnu11;
				GCC_DYNAMIC_NO_PIC = NO;
				GCC_NO_COMMON_BLOCKS = YES;
				GCC_OPTIMIZATION_LEVEL = 0;
				GCC_PREPROCESSOR_DEFINITIONS = (
					"DEBUG=1",
					"$(inherited)",
				);
				GCC_WARN_64_TO_32_BIT_CONVERSION = YES;
				GCC_WARN_ABOUT_RETURN_TYPE = YES_ERROR;
				GCC_WARN_UNDECLARED_SELECTOR = YES;
				GCC_WARN_UNINITIALIZED_AUTOS = YES_AGGRESSIVE;
				GCC_WARN_UNUSED_FUNCTION = YES;
				GCC_WARN_UNUSED_VARIABLE = YES;
				IPHONEOS_DEPLOYMENT_TARGET = 14.4;
				MTL_ENABLE_DEBUG_INFO = INCLUDE_SOURCE;
				MTL_FAST_MATH = YES;
				ONLY_ACTIVE_ARCH = YES;
				SDKROOT = iphoneos;
			};
			name = Debug;
		};
		C724611D2611B0E50074503D /* Release */ = {
			isa = XCBuildConfiguration;
			buildSettings = {
				ALWAYS_SEARCH_USER_PATHS = NO;
				CLANG_ANALYZER_NONNULL = YES;
				CLANG_ANALYZER_NUMBER_OBJECT_CONVERSION = YES_AGGRESSIVE;
				CLANG_CXX_LANGUAGE_STANDARD = "gnu++14";
				CLANG_CXX_LIBRARY = "libc++";
				CLANG_ENABLE_MODULES = YES;
				CLANG_ENABLE_OBJC_ARC = YES;
				CLANG_ENABLE_OBJC_WEAK = YES;
				CLANG_WARN_BLOCK_CAPTURE_AUTORELEASING = YES;
				CLANG_WARN_BOOL_CONVERSION = YES;
				CLANG_WARN_COMMA = YES;
				CLANG_WARN_CONSTANT_CONVERSION = YES;
				CLANG_WARN_DEPRECATED_OBJC_IMPLEMENTATIONS = YES;
				CLANG_WARN_DIRECT_OBJC_ISA_USAGE = YES_ERROR;
				CLANG_WARN_DOCUMENTATION_COMMENTS = YES;
				CLANG_WARN_EMPTY_BODY = YES;
				CLANG_WARN_ENUM_CONVERSION = YES;
				CLANG_WARN_INFINITE_RECURSION = YES;
				CLANG_WARN_INT_CONVERSION = YES;
				CLANG_WARN_NON_LITERAL_NULL_CONVERSION = YES;
				CLANG_WARN_OBJC_IMPLICIT_RETAIN_SELF = YES;
				CLANG_WARN_OBJC_LITERAL_CONVERSION = YES;
				CLANG_WARN_OBJC_ROOT_CLASS = YES_ERROR;
				CLANG_WARN_QUOTED_INCLUDE_IN_FRAMEWORK_HEADER = YES;
				CLANG_WARN_RANGE_LOOP_ANALYSIS = YES;
				CLANG_WARN_STRICT_PROTOTYPES = YES;
				CLANG_WARN_SUSPICIOUS_MOVE = YES;
				CLANG_WARN_UNGUARDED_AVAILABILITY = YES_AGGRESSIVE;
				CLANG_WARN_UNREACHABLE_CODE = YES;
				CLANG_WARN__DUPLICATE_METHOD_MATCH = YES;
				COPY_PHASE_STRIP = NO;
				DEBUG_INFORMATION_FORMAT = "dwarf-with-dsym";
				ENABLE_NS_ASSERTIONS = NO;
				ENABLE_STRICT_OBJC_MSGSEND = YES;
				GCC_C_LANGUAGE_STANDARD = gnu11;
				GCC_NO_COMMON_BLOCKS = YES;
				GCC_WARN_64_TO_32_BIT_CONVERSION = YES;
				GCC_WARN_ABOUT_RETURN_TYPE = YES_ERROR;
				GCC_WARN_UNDECLARED_SELECTOR = YES;
				GCC_WARN_UNINITIALIZED_AUTOS = YES_AGGRESSIVE;
				GCC_WARN_UNUSED_FUNCTION = YES;
				GCC_WARN_UNUSED_VARIABLE = YES;
				IPHONEOS_DEPLOYMENT_TARGET = 14.4;
				MTL_ENABLE_DEBUG_INFO = NO;
				MTL_FAST_MATH = YES;
				SDKROOT = iphoneos;
				VALIDATE_PRODUCT = YES;
			};
			name = Release;
		};
		C724611F2611B0E50074503D /* Debug */ = {
			isa = XCBuildConfiguration;
			baseConfigurationReference = 372CDA7B9161537426D69570 /* Pods-DFDraw.debug.xcconfig */;
			buildSettings = {
				ASSETCATALOG_COMPILER_APPICON_NAME = AppIcon;
				ASSETCATALOG_COMPILER_GLOBAL_ACCENT_COLOR_NAME = AccentColor;
				CODE_SIGN_STYLE = Automatic;
				DEVELOPMENT_TEAM = ZUYU68XH82;
				INFOPLIST_FILE = DFDraw/Info.plist;
				LD_RUNPATH_SEARCH_PATHS = (
					"$(inherited)",
					"@executable_path/Frameworks",
				);
				PRODUCT_BUNDLE_IDENTIFIER = com.sl.DFDraw;
				PRODUCT_NAME = "$(TARGET_NAME)";
				TARGETED_DEVICE_FAMILY = "1,2";
			};
			name = Debug;
		};
		C72461202611B0E50074503D /* Release */ = {
			isa = XCBuildConfiguration;
			baseConfigurationReference = C29CDD84A3A9A778BAF67665 /* Pods-DFDraw.release.xcconfig */;
			buildSettings = {
				ASSETCATALOG_COMPILER_APPICON_NAME = AppIcon;
				ASSETCATALOG_COMPILER_GLOBAL_ACCENT_COLOR_NAME = AccentColor;
				CODE_SIGN_STYLE = Automatic;
				DEVELOPMENT_TEAM = ZUYU68XH82;
				INFOPLIST_FILE = DFDraw/Info.plist;
				LD_RUNPATH_SEARCH_PATHS = (
					"$(inherited)",
					"@executable_path/Frameworks",
				);
				PRODUCT_BUNDLE_IDENTIFIER = com.sl.DFDraw;
				PRODUCT_NAME = "$(TARGET_NAME)";
				TARGETED_DEVICE_FAMILY = "1,2";
			};
			name = Release;
		};
		C72461222611B0E50074503D /* Debug */ = {
			isa = XCBuildConfiguration;
			baseConfigurationReference = B77D17ED2CDCF9588F1D005B /* Pods-DFDrawTests.debug.xcconfig */;
			buildSettings = {
				BUNDLE_LOADER = "$(TEST_HOST)";
				CODE_SIGN_STYLE = Automatic;
				DEVELOPMENT_TEAM = ZUYU68XH82;
				INFOPLIST_FILE = DFDrawTests/Info.plist;
				IPHONEOS_DEPLOYMENT_TARGET = 14.4;
				LD_RUNPATH_SEARCH_PATHS = (
					"$(inherited)",
					"@executable_path/Frameworks",
					"@loader_path/Frameworks",
				);
				PRODUCT_BUNDLE_IDENTIFIER = com.sl.DFDrawTests;
				PRODUCT_NAME = "$(TARGET_NAME)";
				TARGETED_DEVICE_FAMILY = "1,2";
				TEST_HOST = "$(BUILT_PRODUCTS_DIR)/DFDraw.app/DFDraw";
			};
			name = Debug;
		};
		C72461232611B0E50074503D /* Release */ = {
			isa = XCBuildConfiguration;
			baseConfigurationReference = F9E425216B4D6F8C333AD2C6 /* Pods-DFDrawTests.release.xcconfig */;
			buildSettings = {
				BUNDLE_LOADER = "$(TEST_HOST)";
				CODE_SIGN_STYLE = Automatic;
				DEVELOPMENT_TEAM = ZUYU68XH82;
				INFOPLIST_FILE = DFDrawTests/Info.plist;
				IPHONEOS_DEPLOYMENT_TARGET = 14.4;
				LD_RUNPATH_SEARCH_PATHS = (
					"$(inherited)",
					"@executable_path/Frameworks",
					"@loader_path/Frameworks",
				);
				PRODUCT_BUNDLE_IDENTIFIER = com.sl.DFDrawTests;
				PRODUCT_NAME = "$(TARGET_NAME)";
				TARGETED_DEVICE_FAMILY = "1,2";
				TEST_HOST = "$(BUILT_PRODUCTS_DIR)/DFDraw.app/DFDraw";
			};
			name = Release;
		};
		C72461252611B0E50074503D /* Debug */ = {
			isa = XCBuildConfiguration;
			baseConfigurationReference = 677EA4989BF3EA352F608A84 /* Pods-DFDraw-DFDrawUITests.debug.xcconfig */;
			buildSettings = {
				CODE_SIGN_STYLE = Automatic;
				DEVELOPMENT_TEAM = ZUYU68XH82;
				INFOPLIST_FILE = DFDrawUITests/Info.plist;
				LD_RUNPATH_SEARCH_PATHS = (
					"$(inherited)",
					"@executable_path/Frameworks",
					"@loader_path/Frameworks",
				);
				PRODUCT_BUNDLE_IDENTIFIER = com.sl.DFDrawUITests;
				PRODUCT_NAME = "$(TARGET_NAME)";
				TARGETED_DEVICE_FAMILY = "1,2";
				TEST_TARGET_NAME = DFDraw;
			};
			name = Debug;
		};
		C72461262611B0E50074503D /* Release */ = {
			isa = XCBuildConfiguration;
			baseConfigurationReference = 3B5FADA036FF3F9FB709DE00 /* Pods-DFDraw-DFDrawUITests.release.xcconfig */;
			buildSettings = {
				CODE_SIGN_STYLE = Automatic;
				DEVELOPMENT_TEAM = ZUYU68XH82;
				INFOPLIST_FILE = DFDrawUITests/Info.plist;
				LD_RUNPATH_SEARCH_PATHS = (
					"$(inherited)",
					"@executable_path/Frameworks",
					"@loader_path/Frameworks",
				);
				PRODUCT_BUNDLE_IDENTIFIER = com.sl.DFDrawUITests;
				PRODUCT_NAME = "$(TARGET_NAME)";
				TARGETED_DEVICE_FAMILY = "1,2";
				TEST_TARGET_NAME = DFDraw;
			};
			name = Release;
		};
/* End XCBuildConfiguration section */

/* Begin XCConfigurationList section */
		C72460EA2611B0E40074503D /* Build configuration list for PBXProject "DFDraw" */ = {
			isa = XCConfigurationList;
			buildConfigurations = (
				C724611C2611B0E50074503D /* Debug */,
				C724611D2611B0E50074503D /* Release */,
			);
			defaultConfigurationIsVisible = 0;
			defaultConfigurationName = Release;
		};
		C724611E2611B0E50074503D /* Build configuration list for PBXNativeTarget "DFDraw" */ = {
			isa = XCConfigurationList;
			buildConfigurations = (
				C724611F2611B0E50074503D /* Debug */,
				C72461202611B0E50074503D /* Release */,
			);
			defaultConfigurationIsVisible = 0;
			defaultConfigurationName = Release;
		};
		C72461212611B0E50074503D /* Build configuration list for PBXNativeTarget "DFDrawTests" */ = {
			isa = XCConfigurationList;
			buildConfigurations = (
				C72461222611B0E50074503D /* Debug */,
				C72461232611B0E50074503D /* Release */,
			);
			defaultConfigurationIsVisible = 0;
			defaultConfigurationName = Release;
		};
		C72461242611B0E50074503D /* Build configuration list for PBXNativeTarget "DFDrawUITests" */ = {
			isa = XCConfigurationList;
			buildConfigurations = (
				C72461252611B0E50074503D /* Debug */,
				C72461262611B0E50074503D /* Release */,
			);
			defaultConfigurationIsVisible = 0;
			defaultConfigurationName = Release;
		};
/* End XCConfigurationList section */
	};
	rootObject = C72460E72611B0E40074503D /* Project object */;
}
